{
  "version": 4,
  "terraform_version": "1.9.8",
  "serial": 30,
  "lineage": "fd6cc475-3786-1d2b-0db8-32222906c1fe",
  "outputs": {
    "kubernetes_cluster_name": {
      "value": "my-gke-cluster",
      "type": "string"
    }
  },
  "resources": [
    {
      "mode": "data",
      "type": "google_client_config",
      "name": "default",
      "provider": "provider[\"registry.terraform.io/hashicorp/google\"]",
      "instances": [
        {
          "schema_version": 0,
          "attributes": {
            "access_token": "ya29.c.c0ASRK0GYAk2L3SC3H2tQ3bzB3M6ADkJ-dt01aUq5S2mqoamUxnkJ2I_UGVW-elR7oaiI1CUzehayGulT2vNwFj4nbATM0nXyeyAHbPskqL5kSDAd_dY2cc7zCP0CWB8bSX22npDjFRwyDjpciLN6qtILt1soLj_4JJ3LW-olPwwk-OdSvExpx2qo1XjGaWeWYfA5anksf1KGqMrwJBBJYc2VzywSbdfkcA6RXzFmGGfve62Ftl6v9AJNat5PabnL8QE4IpriDZpKrDVWPNJCA0JjFTDE2tFqefLb3m3ot6uWquX6aBKR3SytUT0fyXqK9mKlNPdUNmfqqdQLNOi09qo3PRtkt_wc2JD9r0ReecUC-B7hYzCQtBo5zwwE387KWwUdVnJmw3o5SRh95aRlySF1gFz__vjk3V3Qx9mr-ikqYsvJl5kjywseScj6Fjls01zZUv00OwajSBimv8nzhsgwOB--OrQt3SkkgybUJ4reI_-gojWiw74vn0uBelQn1c7alWRQeOvlVR2FfbpQw5d3uwjjVlXd_Q-4pMiUSV4IQMof4vyr2j6mwBUmi4nIyFSSoa6Xl400qsa7Z6wRahfBccZQYdyeQjy5w3_sRhvj0a2pMZ_owRMm9QdBJit8yuvz15Xayh7R5kleVmtiUaMd1QqmZ_5k5Y88jRRbo0xnfgRowyBOQkQ0aQ_pStfVnkM9Ox3VQks4v4kQ0SXB46raR7YFi1aBOr46u_Zp2Yhp6_sbRXM0kp7klYUBVZk96wYqqyz3_oxxxmeY8I2rcdI62O8b6uw2f-M69ckUQyB51lzUoZ-Zfg0jSx5dtoiijjoawYRv9ysd8xJxVkR9w4dUh09qqoVvlYj_i4zeu4-vRa_XwqSxWpfFW0BZqdOMWtiFBgdt6rkMo9bB8k-r89pl6VckrxezBbk-_n-m-g8cUbQ7XtpO-YiYu0kzc4JZUglSmFB3vOJJaVww3nrOsjRc3oQJ45xMvZejXjvfMfX9t6q9QiBdJvrB",
            "default_labels": null,
            "id": "projects/\"devops-demo-440509\"/regions/\"asia-northeast1\"/zones/\u003cnull\u003e",
            "project": "devops-demo-440509",
            "region": "asia-northeast1",
            "zone": null
          },
          "sensitive_attributes": [
            [
              {
                "type": "get_attr",
                "value": "access_token"
              }
            ]
          ]
        }
      ]
    },
    {
      "mode": "managed",
      "type": "google_container_cluster",
      "name": "primary",
      "provider": "provider[\"registry.terraform.io/hashicorp/google\"]",
      "instances": [
        {
          "schema_version": 2,
          "attributes": {
            "addons_config": [
              {
                "cloudrun_config": [],
                "config_connector_config": [],
                "dns_cache_config": [],
                "gce_persistent_disk_csi_driver_config": [
                  {
                    "enabled": true
                  }
                ],
                "gcp_filestore_csi_driver_config": [],
                "gcs_fuse_csi_driver_config": [],
                "gke_backup_agent_config": [],
                "horizontal_pod_autoscaling": [],
                "http_load_balancing": [],
                "network_policy_config": [
                  {
                    "disabled": true
                  }
                ],
                "ray_operator_config": [],
                "stateful_ha_config": []
              }
            ],
            "allow_net_admin": null,
            "authenticator_groups_config": [],
            "binary_authorization": [
              {
                "enabled": false,
                "evaluation_mode": ""
              }
            ],
            "cluster_autoscaling": [
              {
                "auto_provisioning_defaults": [],
                "auto_provisioning_locations": [],
                "autoscaling_profile": "BALANCED",
                "enabled": false,
                "resource_limits": []
              }
            ],
            "cluster_ipv4_cidr": "10.0.0.0/14",
            "confidential_nodes": [],
            "cost_management_config": [],
            "database_encryption": [
              {
                "key_name": "",
                "state": "DECRYPTED"
              }
            ],
            "datapath_provider": "",
            "default_max_pods_per_node": 110,
            "default_snat_status": [
              {
                "disabled": false
              }
            ],
            "deletion_protection": false,
            "description": "",
            "dns_config": [],
            "effective_labels": {
              "goog-terraform-provisioned": "true"
            },
            "enable_autopilot": false,
            "enable_cilium_clusterwide_network_policy": false,
            "enable_intranode_visibility": false,
            "enable_k8s_beta_apis": [],
            "enable_kubernetes_alpha": false,
            "enable_l4_ilb_subsetting": false,
            "enable_legacy_abac": false,
            "enable_multi_networking": false,
            "enable_shielded_nodes": true,
            "enable_tpu": false,
            "endpoint": "34.45.83.229",
            "fleet": [],
            "gateway_api_config": [],
            "id": "projects/devops-demo-440509/locations/us-central1/clusters/my-gke-cluster",
            "identity_service_config": [],
            "initial_node_count": 1,
            "ip_allocation_policy": [
              {
                "additional_pod_ranges_config": [],
                "cluster_ipv4_cidr_block": "10.0.0.0/14",
                "cluster_secondary_range_name": "gke-my-gke-cluster-pods-17074a97",
                "pod_cidr_overprovision_config": [
                  {
                    "disabled": false
                  }
                ],
                "services_ipv4_cidr_block": "34.118.224.0/20",
                "services_secondary_range_name": "",
                "stack_type": "IPV4"
              }
            ],
            "label_fingerprint": "78cdf2f6",
            "location": "us-central1",
            "logging_config": [
              {
                "enable_components": [
                  "SYSTEM_COMPONENTS",
                  "WORKLOADS"
                ]
              }
            ],
            "logging_service": "logging.googleapis.com/kubernetes",
            "maintenance_policy": [],
            "master_auth": [
              {
                "client_certificate": "",
                "client_certificate_config": [
                  {
                    "issue_client_certificate": false
                  }
                ],
                "client_key": "",
                "cluster_ca_certificate": "LS0tLS1CRUdJTiBDRVJUSUZJQ0FURS0tLS0tCk1JSUVMVENDQXBXZ0F3SUJBZ0lSQUl4NXF1bE1MUDhDR2F1VDZtVW1sS2N3RFFZSktvWklodmNOQVFFTEJRQXcKTHpFdE1Dc0dBMVVFQXhNa1lXUm1ZakprWXpFdE0ySTNPQzAwT0dNeExUaGlOR1V0TW1Sa01XVmpZVGN3TXpNeQpNQ0FYRFRJME1URXdOVEE1TVRJek5Gb1lEekl3TlRReE1ESTVNVEF4TWpNMFdqQXZNUzB3S3dZRFZRUURFeVJoClpHWmlNbVJqTVMwellqYzRMVFE0WXpFdE9HSTBaUzB5WkdReFpXTmhOekF6TXpJd2dnR2lNQTBHQ1NxR1NJYjMKRFFFQkFRVUFBNElCandBd2dnR0tBb0lCZ1FDZ2JYaWJ3ZGFmcTFkOEpVQXZRWUh1ZDNBeVM0WVpNODRoS1pCUgpvQjNZZFpuNXoreWRXTm1EQllUVTVuRmQzeXNaOHpWN3FuVGRGRytWYUJySSsvVHZOdGljYzI4MlBTRnBaVkRYCkp3TE4zdGw1NHpYOTN4Y2ZRWHRyK01uL3o2QllzeFF2T1dvR0p3aEt5ZFZNTUEzQ3ZWOWRkWHZrc1FkVVJJQWUKcjRHaTlTZXh5dVJxR044YkVzYzNjWnZkb0MrTmJpVGIzNEJwaFBsRmVlY2pUYkRkZFJKMlprdEsvTzZRb2xYRAozclZJekRxcUJYVW9Kb3ZXMVZ6UHdzQU9vaUxDdUtqTm1ZY3l3WkxJZU5tZTJJc2FVZkZQTE5NTkVRNTk0clBRCkJKU0IyYVJBWUZBSjJxVU9uNFRTZnljWE1ZOTd6dFlTbU4yS2FMKyswM0x6azNkcEpyT3FpZ0dWRG41OFRSSWMKNjlUa3lRRUNhVkM1S1dZMWV0cDBCUTF2S0ZQeDdJOUNGbXNIWmt5cXoyVjBmWFhYcDYrTzVuWDlKdFpSM1lWRgpON3BSbG1SSnNxUTVNMUd5Vk5mYUg4SVppdXM3OXp2QmlHVXFIVmNxOGgzWVdDV08xand0eVVPOXhVN3g1NlhBClIvcVcra0gxbzJ6VDFrWE00bmpRcXlESnhJY0NBd0VBQWFOQ01FQXdEZ1lEVlIwUEFRSC9CQVFEQWdJRU1BOEcKQTFVZEV3RUIvd1FGTUFNQkFmOHdIUVlEVlIwT0JCWUVGSGF5MzViUGlUdXgxQlIvKzg1alhuSGx2d1d0TUEwRwpDU3FHU0liM0RRRUJDd1VBQTRJQmdRQVo2Y2pydU1IWDJKNjJ0M0FJMmtRVHFvd01lZnhYdHE5TFVnWmttRHNyCk1nTE5hRkM0bWM0eXN2U2dSMUwwcXgvQXZPOENUa2JqSmNEQkR0ajNjQWZtc05OZ05QR0I4WGc5UEVSaUc0YmsKdzRBeDJFN0tQdXJFdU9mbGtxdHZ3Tnk3NHN3S3piNkkrL2wrUmF2bUdFajczZlMxU1lRQU1XMlB0UkFhUGF2UQpHRmlmVlB0OGtKRGVXN00renN3OWlQb1lSL0Mrb3VtaTg2Vm4xK2IwYURZWnlBVmxsWHRTRDZTVUZRQ3c3RkVzCjVWZ2lkR1dQSEpoclR6RTZtYVZaaEo0YjUwemxwN1dITWJ3MFpDQVR0bHZYOUdFNlgyd1ZudHdKQ3FraGlPUkMKSTFhNlNMenB3QWlwZ1BsMFBOM3FQVm94b1ZNS0M0MDY5T1dBOWNnNGhzVUwxaWV4UjQzK1hzMUwyVjg3dUJpMgpDMks1R0phWGZYcnFBY2d0Si83QUxMS056dWdXOU5ORnZvT2ttYURKM0k0RjlkbVMyQXNFWGFwUkZ5ZUJqbDF6CjFMekdTaE43aEhqaG52NHJjVU1wODdTV3B5blB4N0d3KytEK1N0UjlVK2xQNWJBMGl0UkNmOE5LcFNvR3Q0a3kKb0V5dzRyQW9JMmJEdmxhcHkxa1diSHc9Ci0tLS0tRU5EIENFUlRJRklDQVRFLS0tLS0K"
              }
            ],
            "master_authorized_networks_config": [],
            "master_version": "1.30.5-gke.1355000",
            "mesh_certificates": [],
            "min_master_version": null,
            "monitoring_config": [
              {
                "advanced_datapath_observability_config": [
                  {
                    "enable_metrics": false,
                    "enable_relay": false
                  }
                ],
                "enable_components": [
                  "SYSTEM_COMPONENTS",
                  "STATEFULSET",
                  "STORAGE",
                  "HPA",
                  "POD",
                  "DAEMONSET",
                  "DEPLOYMENT",
                  "CADVISOR",
                  "KUBELET"
                ],
                "managed_prometheus": [
                  {
                    "enabled": true
                  }
                ]
              }
            ],
            "monitoring_service": "monitoring.googleapis.com/kubernetes",
            "name": "my-gke-cluster",
            "network": "projects/devops-demo-440509/global/networks/default",
            "network_policy": [
              {
                "enabled": false,
                "provider": "PROVIDER_UNSPECIFIED"
              }
            ],
            "networking_mode": "VPC_NATIVE",
            "node_config": [
              {
                "advanced_machine_features": [],
                "boot_disk_kms_key": "",
                "confidential_nodes": [],
                "containerd_config": [],
                "disk_size_gb": 20,
                "disk_type": "pd-balanced",
                "effective_taints": [],
                "enable_confidential_storage": false,
                "ephemeral_storage_local_ssd_config": [],
                "fast_socket": [],
                "gcfs_config": [],
                "guest_accelerator": [],
                "gvnic": [],
                "host_maintenance_policy": [],
                "image_type": "COS_CONTAINERD",
                "kubelet_config": [],
                "labels": {},
                "linux_node_config": [],
                "local_nvme_ssd_block_config": [],
                "local_ssd_count": 0,
                "logging_variant": "DEFAULT",
                "machine_type": "e2-small",
                "metadata": {
                  "disable-legacy-endpoints": "true"
                },
                "min_cpu_platform": "",
                "node_group": "",
                "oauth_scopes": [
                  "https://www.googleapis.com/auth/cloud-platform"
                ],
                "preemptible": false,
                "reservation_affinity": [],
                "resource_labels": null,
                "resource_manager_tags": null,
                "secondary_boot_disks": [],
                "service_account": "default",
                "shielded_instance_config": [
                  {
                    "enable_integrity_monitoring": true,
                    "enable_secure_boot": false
                  }
                ],
                "sole_tenant_config": [],
                "spot": false,
                "storage_pools": null,
                "tags": null,
                "taint": [],
                "workload_metadata_config": []
              }
            ],
            "node_locations": [
              "us-central1-a",
              "us-central1-b",
              "us-central1-c"
            ],
            "node_pool": [
              {
                "autoscaling": [],
                "initial_node_count": 1,
                "instance_group_urls": [
                  "https://www.googleapis.com/compute/v1/projects/devops-demo-440509/zones/us-central1-c/instanceGroupManagers/gke-my-gke-cluster-default-pool-ccfb58f5-grp",
                  "https://www.googleapis.com/compute/v1/projects/devops-demo-440509/zones/us-central1-b/instanceGroupManagers/gke-my-gke-cluster-default-pool-09cd4796-grp",
                  "https://www.googleapis.com/compute/v1/projects/devops-demo-440509/zones/us-central1-a/instanceGroupManagers/gke-my-gke-cluster-default-pool-7c9f1f97-grp"
                ],
                "managed_instance_group_urls": [
                  "https://www.googleapis.com/compute/v1/projects/devops-demo-440509/zones/us-central1-c/instanceGroups/gke-my-gke-cluster-default-pool-ccfb58f5-grp",
                  "https://www.googleapis.com/compute/v1/projects/devops-demo-440509/zones/us-central1-b/instanceGroups/gke-my-gke-cluster-default-pool-09cd4796-grp",
                  "https://www.googleapis.com/compute/v1/projects/devops-demo-440509/zones/us-central1-a/instanceGroups/gke-my-gke-cluster-default-pool-7c9f1f97-grp"
                ],
                "management": [
                  {
                    "auto_repair": true,
                    "auto_upgrade": true
                  }
                ],
                "max_pods_per_node": 110,
                "name": "default-pool",
                "name_prefix": "",
                "network_config": [
                  {
                    "additional_node_network_configs": [],
                    "additional_pod_network_configs": [],
                    "create_pod_range": false,
                    "enable_private_nodes": false,
                    "network_performance_config": [],
                    "pod_cidr_overprovision_config": [],
                    "pod_ipv4_cidr_block": "10.0.0.0/14",
                    "pod_range": "gke-my-gke-cluster-pods-17074a97"
                  }
                ],
                "node_config": [
                  {
                    "advanced_machine_features": [],
                    "boot_disk_kms_key": "",
                    "confidential_nodes": [],
                    "containerd_config": [],
                    "disk_size_gb": 20,
                    "disk_type": "pd-balanced",
                    "effective_taints": [],
                    "enable_confidential_storage": false,
                    "ephemeral_storage_local_ssd_config": [],
                    "fast_socket": [],
                    "gcfs_config": [],
                    "guest_accelerator": [],
                    "gvnic": [],
                    "host_maintenance_policy": [],
                    "image_type": "COS_CONTAINERD",
                    "kubelet_config": [],
                    "labels": {},
                    "linux_node_config": [],
                    "local_nvme_ssd_block_config": [],
                    "local_ssd_count": 0,
                    "logging_variant": "DEFAULT",
                    "machine_type": "e2-small",
                    "metadata": {
                      "disable-legacy-endpoints": "true"
                    },
                    "min_cpu_platform": "",
                    "node_group": "",
                    "oauth_scopes": [
                      "https://www.googleapis.com/auth/cloud-platform"
                    ],
                    "preemptible": false,
                    "reservation_affinity": [],
                    "resource_labels": {},
                    "resource_manager_tags": {},
                    "secondary_boot_disks": [],
                    "service_account": "default",
                    "shielded_instance_config": [
                      {
                        "enable_integrity_monitoring": true,
                        "enable_secure_boot": false
                      }
                    ],
                    "sole_tenant_config": [],
                    "spot": false,
                    "storage_pools": [],
                    "tags": [],
                    "taint": [],
                    "workload_metadata_config": []
                  }
                ],
                "node_count": 1,
                "node_locations": [
                  "us-central1-a",
                  "us-central1-b",
                  "us-central1-c"
                ],
                "placement_policy": [],
                "queued_provisioning": [],
                "upgrade_settings": [
                  {
                    "blue_green_settings": [],
                    "max_surge": 1,
                    "max_unavailable": 0,
                    "strategy": "SURGE"
                  }
                ],
                "version": "1.30.5-gke.1355000"
              }
            ],
            "node_pool_auto_config": [],
            "node_pool_defaults": [
              {
                "node_config_defaults": [
                  {
                    "containerd_config": [],
                    "gcfs_config": [],
                    "insecure_kubelet_readonly_port_enabled": "FALSE",
                    "logging_variant": "DEFAULT"
                  }
                ]
              }
            ],
            "node_version": "1.30.5-gke.1355000",
            "notification_config": [
              {
                "pubsub": [
                  {
                    "enabled": false,
                    "filter": [],
                    "topic": ""
                  }
                ]
              }
            ],
            "operation": null,
            "private_cluster_config": [
              {
                "enable_private_endpoint": false,
                "enable_private_nodes": false,
                "master_global_access_config": [
                  {
                    "enabled": false
                  }
                ],
                "master_ipv4_cidr_block": "",
                "peering_name": "",
                "private_endpoint": "10.128.0.13",
                "private_endpoint_subnetwork": "",
                "public_endpoint": "34.45.83.229"
              }
            ],
            "private_ipv6_google_access": "",
            "project": "devops-demo-440509",
            "release_channel": [
              {
                "channel": "REGULAR"
              }
            ],
            "remove_default_node_pool": null,
            "resource_labels": null,
            "resource_usage_export_config": [],
            "secret_manager_config": [
              {
                "enabled": false
              }
            ],
            "security_posture_config": [
              {
                "mode": "BASIC",
                "vulnerability_mode": "VULNERABILITY_MODE_UNSPECIFIED"
              }
            ],
            "self_link": "https://container.googleapis.com/v1/projects/devops-demo-440509/locations/us-central1/clusters/my-gke-cluster",
            "service_external_ips_config": [
              {
                "enabled": false
              }
            ],
            "services_ipv4_cidr": "34.118.224.0/20",
            "subnetwork": "projects/devops-demo-440509/regions/us-central1/subnetworks/default",
            "terraform_labels": {
              "goog-terraform-provisioned": "true"
            },
            "timeouts": null,
            "tpu_ipv4_cidr_block": "",
            "vertical_pod_autoscaling": [],
            "workload_identity_config": []
          },
          "sensitive_attributes": [
            [
              {
                "type": "get_attr",
                "value": "master_auth"
              },
              {
                "type": "index",
                "value": {
                  "value": 0,
                  "type": "number"
                }
              },
              {
                "type": "get_attr",
                "value": "client_key"
              }
            ]
          ],
          "private": "eyJlMmJmYjczMC1lY2FhLTExZTYtOGY4OC0zNDM2M2JjN2M0YzAiOnsiY3JlYXRlIjoyNDAwMDAwMDAwMDAwLCJkZWxldGUiOjI0MDAwMDAwMDAwMDAsInJlYWQiOjI0MDAwMDAwMDAwMDAsInVwZGF0ZSI6MzYwMDAwMDAwMDAwMH0sInNjaGVtYV92ZXJzaW9uIjoiMiJ9"
        }
      ]
    },
    {
      "mode": "managed",
      "type": "google_container_node_pool",
      "name": "primary_nodes",
      "provider": "provider[\"registry.terraform.io/hashicorp/google\"]",
      "instances": [
        {
          "schema_version": 1,
          "attributes": {
            "autoscaling": [],
            "cluster": "my-gke-cluster",
            "id": "projects/devops-demo-440509/locations/us-central1/clusters/my-gke-cluster/nodePools/terraform-20241105101840223500000001",
            "initial_node_count": 1,
            "instance_group_urls": [
              "https://www.googleapis.com/compute/v1/projects/devops-demo-440509/zones/us-central1-c/instanceGroupManagers/gke-my-gke-cluster-terraform-20241105-c02f7792-grp",
              "https://www.googleapis.com/compute/v1/projects/devops-demo-440509/zones/us-central1-b/instanceGroupManagers/gke-my-gke-cluster-terraform-20241105-4723db86-grp",
              "https://www.googleapis.com/compute/v1/projects/devops-demo-440509/zones/us-central1-a/instanceGroupManagers/gke-my-gke-cluster-terraform-20241105-9d0cf705-grp"
            ],
            "location": "us-central1",
            "managed_instance_group_urls": [
              "https://www.googleapis.com/compute/v1/projects/devops-demo-440509/zones/us-central1-c/instanceGroups/gke-my-gke-cluster-terraform-20241105-c02f7792-grp",
              "https://www.googleapis.com/compute/v1/projects/devops-demo-440509/zones/us-central1-b/instanceGroups/gke-my-gke-cluster-terraform-20241105-4723db86-grp",
              "https://www.googleapis.com/compute/v1/projects/devops-demo-440509/zones/us-central1-a/instanceGroups/gke-my-gke-cluster-terraform-20241105-9d0cf705-grp"
            ],
            "management": [
              {
                "auto_repair": true,
                "auto_upgrade": true
              }
            ],
            "max_pods_per_node": 110,
            "name": "terraform-20241105101840223500000001",
            "name_prefix": "",
            "network_config": [
              {
                "additional_node_network_configs": [],
                "additional_pod_network_configs": [],
                "create_pod_range": false,
                "enable_private_nodes": false,
                "network_performance_config": [],
                "pod_cidr_overprovision_config": [],
                "pod_ipv4_cidr_block": "10.0.0.0/14",
                "pod_range": "gke-my-gke-cluster-pods-17074a97"
              }
            ],
            "node_config": [
              {
                "advanced_machine_features": [],
                "boot_disk_kms_key": "",
                "confidential_nodes": [],
                "containerd_config": [],
                "disk_size_gb": 20,
                "disk_type": "pd-balanced",
                "effective_taints": [],
                "enable_confidential_storage": false,
                "ephemeral_storage_local_ssd_config": [],
                "fast_socket": [],
                "gcfs_config": [],
                "guest_accelerator": [],
                "gvnic": [],
                "host_maintenance_policy": [],
                "image_type": "COS_CONTAINERD",
                "kubelet_config": [],
                "labels": {},
                "linux_node_config": [],
                "local_nvme_ssd_block_config": [],
                "local_ssd_count": 0,
                "logging_variant": "DEFAULT",
                "machine_type": "e2-small",
                "metadata": {
                  "disable-legacy-endpoints": "true"
                },
                "min_cpu_platform": "",
                "node_group": "",
                "oauth_scopes": [
                  "https://www.googleapis.com/auth/cloud-platform"
                ],
                "preemptible": true,
                "reservation_affinity": [],
                "resource_labels": null,
                "resource_manager_tags": null,
                "secondary_boot_disks": [],
                "service_account": "default",
                "shielded_instance_config": [
                  {
                    "enable_integrity_monitoring": true,
                    "enable_secure_boot": false
                  }
                ],
                "sole_tenant_config": [],
                "spot": false,
                "storage_pools": null,
                "tags": null,
                "taint": [],
                "workload_metadata_config": []
              }
            ],
            "node_count": 1,
            "node_locations": [
              "us-central1-a",
              "us-central1-b",
              "us-central1-c"
            ],
            "operation": null,
            "placement_policy": [],
            "project": "devops-demo-440509",
            "queued_provisioning": [],
            "timeouts": null,
            "upgrade_settings": [
              {
                "blue_green_settings": [],
                "max_surge": 1,
                "max_unavailable": 0,
                "strategy": "SURGE"
              }
            ],
            "version": "1.30.5-gke.1355000"
          },
          "sensitive_attributes": [],
          "private": "eyJlMmJmYjczMC1lY2FhLTExZTYtOGY4OC0zNDM2M2JjN2M0YzAiOnsiY3JlYXRlIjoxODAwMDAwMDAwMDAwLCJkZWxldGUiOjE4MDAwMDAwMDAwMDAsInVwZGF0ZSI6MTgwMDAwMDAwMDAwMH0sInNjaGVtYV92ZXJzaW9uIjoiMSJ9",
          "dependencies": [
            "google_container_cluster.primary"
          ]
        }
      ]
    }
  ],
  "check_results": null
}
